
Microsoft Visual Studio Solution File, Format Version 12.00
# Visual Studio 14
VisualStudioVersion = 14.0.24720.0
MinimumVisualStudioVersion = 10.0.40219.1
Project("{FAE04EC0-301F-11D3-BF4B-00C04F79EFBC}") = "StringDiff", "StringDiff\StringDiff.csproj", "{E8BD3248-B360-4C2C-9EA2-D8C5751AC259}"
EndProject
Project("{FAE04EC0-301F-11D3-BF4B-00C04F79EFBC}") = "UnitTestProject1", "UnitTestProject1\UnitTestProject1.csproj", "{7DDB4A8F-F8B9-456B-9416-7FAFDA0B2DBF}"
EndProject
Global
	GlobalSection(SolutionConfigurationPlatforms) = preSolution
		Debug|Any CPU = Debug|Any CPU
		Release|Any CPU = Release|Any CPU
	EndGlobalSection
	GlobalSection(ProjectConfigurationPlatforms) = postSolution
		{E8BD3248-B360-4C2C-9EA2-D8C5751AC259}.Debug|Any CPU.ActiveCfg = Debug|Any CPU
		{E8BD3248-B360-4C2C-9EA2-D8C5751AC259}.Debug|Any CPU.Build.0 = Debug|Any CPU
		{E8BD3248-B360-4C2C-9EA2-D8C5751AC259}.Release|Any CPU.ActiveCfg = Release|Any CPU
		{E8BD3248-B360-4C2C-9EA2-D8C5751AC259}.Release|Any CPU.Build.0 = Release|Any CPU
		{7DDB4A8F-F8B9-456B-9416-7FAFDA0B2DBF}.Debug|Any CPU.ActiveCfg = Debug|Any CPU
		{7DDB4A8F-F8B9-456B-9416-7FAFDA0B2DBF}.Debug|Any CPU.Build.0 = Debug|Any CPU
		{7DDB4A8F-F8B9-456B-9416-7FAFDA0B2DBF}.Release|Any CPU.ActiveCfg = Release|Any CPU
		{7DDB4A8F-F8B9-456B-9416-7FAFDA0B2DBF}.Release|Any CPU.Build.0 = Release|Any CPU
	EndGlobalSection
	GlobalSection(SolutionProperties) = preSolution
		HideSolutionNode = FALSE
	EndGlobalSection
EndGlobal
